
Microsoft Visual Studio Solution File, Format Version 12.00
# Visual Studio Version 17
VisualStudioVersion = 17.0.31912.275
MinimumVisualStudioVersion = 10.0.40219.1
Project("{9A19103F-16F7-4668-BE54-9A1E7A4F7556}") = "Formacion", "Formacion\Formacion.csproj", "{77007C1C-72B1-49DD-B794-16E3419883DE}"
EndProject
Project("{9A19103F-16F7-4668-BE54-9A1E7A4F7556}") = "Testing", "Testing\Testing.csproj", "{D3E9442A-5742-40DC-A26A-97C29A2D1390}"
EndProject
Project("{9A19103F-16F7-4668-BE54-9A1E7A4F7556}") = "Formacion.Data", "Formacion.Data\Formacion.Data.csproj", "{A94E6FFE-0634-4FEB-BADF-3792CE3AC00E}"
EndProject
Global
	GlobalSection(SolutionConfigurationPlatforms) = preSolution
		Debug|Any CPU = Debug|Any CPU
		Release|Any CPU = Release|Any CPU
	EndGlobalSection
	GlobalSection(ProjectConfigurationPlatforms) = postSolution
		{77007C1C-72B1-49DD-B794-16E3419883DE}.Debug|Any CPU.ActiveCfg = Debug|Any CPU
		{77007C1C-72B1-49DD-B794-16E3419883DE}.Debug|Any CPU.Build.0 = Debug|Any CPU
		{77007C1C-72B1-49DD-B794-16E3419883DE}.Release|Any CPU.ActiveCfg = Release|Any CPU
		{77007C1C-72B1-49DD-B794-16E3419883DE}.Release|Any CPU.Build.0 = Release|Any CPU
		{D3E9442A-5742-40DC-A26A-97C29A2D1390}.Debug|Any CPU.ActiveCfg = Debug|Any CPU
		{D3E9442A-5742-40DC-A26A-97C29A2D1390}.Debug|Any CPU.Build.0 = Debug|Any CPU
		{D3E9442A-5742-40DC-A26A-97C29A2D1390}.Release|Any CPU.ActiveCfg = Release|Any CPU
		{D3E9442A-5742-40DC-A26A-97C29A2D1390}.Release|Any CPU.Build.0 = Release|Any CPU
		{A94E6FFE-0634-4FEB-BADF-3792CE3AC00E}.Debug|Any CPU.ActiveCfg = Debug|Any CPU
		{A94E6FFE-0634-4FEB-BADF-3792CE3AC00E}.Debug|Any CPU.Build.0 = Debug|Any CPU
		{A94E6FFE-0634-4FEB-BADF-3792CE3AC00E}.Release|Any CPU.ActiveCfg = Release|Any CPU
		{A94E6FFE-0634-4FEB-BADF-3792CE3AC00E}.Release|Any CPU.Build.0 = Release|Any CPU
	EndGlobalSection
	GlobalSection(SolutionProperties) = preSolution
		HideSolutionNode = FALSE
	EndGlobalSection
	GlobalSection(ExtensibilityGlobals) = postSolution
		SolutionGuid = {8495F2AC-14EA-4787-9E6B-85AFCAAAE95C}
	EndGlobalSection
EndGlobal
